
Microsoft Visual Studio Solution File, Format Version 12.00
# Visual Studio 14
VisualStudioVersion = 14.0.22310.1
MinimumVisualStudioVersion = 10.0.40219.1
Project("{2150E333-8FDC-42A3-9474-1A3956D46DE8}") = "Engine", "Engine", "{4DB305E4-FEA9-412D-BB72-6AAC9C6B7B9A}"
EndProject
Project("{2150E333-8FDC-42A3-9474-1A3956D46DE8}") = "Games", "Games", "{9B716935-37F5-41C1-9EF7-BC4B8AD1B4EE}"
EndProject
Project("{8BC9CEB8-8B4A-11D0-8D11-00A0C91BC942}") = "UE4", "Intermediate\ProjectFiles\UE4.vcxproj", "{673A0DD4-BC90-425A-9E24-5E53C3401DB0}"
EndProject
Project("{8BC9CEB8-8B4A-11D0-8D11-00A0C91BC942}") = "UnrealCookBook", "Intermediate\ProjectFiles\UnrealCookBook.vcxproj", "{2D38582E-190C-4EAE-9831-025F4E9D2EB5}"
EndProject
Global
	GlobalSection(SolutionConfigurationPlatforms) = preSolution
		DebugGame Editor|Android = DebugGame Editor|Android
		DebugGame Editor|Win32 = DebugGame Editor|Win32
		DebugGame Editor|Win64 = DebugGame Editor|Win64
		DebugGame|Android = DebugGame|Android
		DebugGame|Win32 = DebugGame|Win32
		DebugGame|Win64 = DebugGame|Win64
		Development Editor|Android = Development Editor|Android
		Development Editor|Win32 = Development Editor|Win32
		Development Editor|Win64 = Development Editor|Win64
		Development|Android = Development|Android
		Development|Win32 = Development|Win32
		Development|Win64 = Development|Win64
		Shipping|Android = Shipping|Android
		Shipping|Win32 = Shipping|Win32
		Shipping|Win64 = Shipping|Win64
	EndGlobalSection
	GlobalSection(ProjectConfigurationPlatforms) = postSolution
		{2D38582E-190C-4EAE-9831-025F4E9D2EB5}.DebugGame Editor|Android.ActiveCfg = DebugGame_Editor|Tegra-Android
		{2D38582E-190C-4EAE-9831-025F4E9D2EB5}.DebugGame Editor|Win32.ActiveCfg = DebugGame_Editor|Win32
		{2D38582E-190C-4EAE-9831-025F4E9D2EB5}.DebugGame Editor|Win64.ActiveCfg = DebugGame_Editor|x64
		{2D38582E-190C-4EAE-9831-025F4E9D2EB5}.DebugGame Editor|Win64.Build.0 = DebugGame_Editor|x64
		{2D38582E-190C-4EAE-9831-025F4E9D2EB5}.DebugGame|Android.ActiveCfg = DebugGame_Game|Tegra-Android
		{2D38582E-190C-4EAE-9831-025F4E9D2EB5}.DebugGame|Android.Build.0 = DebugGame_Game|Tegra-Android
		{2D38582E-190C-4EAE-9831-025F4E9D2EB5}.DebugGame|Win32.ActiveCfg = DebugGame_Game|Win32
		{2D38582E-190C-4EAE-9831-025F4E9D2EB5}.DebugGame|Win32.Build.0 = DebugGame_Game|Win32
		{2D38582E-190C-4EAE-9831-025F4E9D2EB5}.DebugGame|Win64.ActiveCfg = DebugGame_Game|x64
		{2D38582E-190C-4EAE-9831-025F4E9D2EB5}.DebugGame|Win64.Build.0 = DebugGame_Game|x64
		{2D38582E-190C-4EAE-9831-025F4E9D2EB5}.Development Editor|Android.ActiveCfg = Development_Editor|Tegra-Android
		{2D38582E-190C-4EAE-9831-025F4E9D2EB5}.Development Editor|Win32.ActiveCfg = Development_Editor|Win32
		{2D38582E-190C-4EAE-9831-025F4E9D2EB5}.Development Editor|Win64.ActiveCfg = Development_Editor|x64
		{2D38582E-190C-4EAE-9831-025F4E9D2EB5}.Development Editor|Win64.Build.0 = Development_Editor|x64
		{2D38582E-190C-4EAE-9831-025F4E9D2EB5}.Development|Android.ActiveCfg = Development_Game|Tegra-Android
		{2D38582E-190C-4EAE-9831-025F4E9D2EB5}.Development|Android.Build.0 = Development_Game|Tegra-Android
		{2D38582E-190C-4EAE-9831-025F4E9D2EB5}.Development|Win32.ActiveCfg = Development_Game|Win32
		{2D38582E-190C-4EAE-9831-025F4E9D2EB5}.Development|Win32.Build.0 = Development_Game|Win32
		{2D38582E-190C-4EAE-9831-025F4E9D2EB5}.Development|Win64.ActiveCfg = Development_Game|x64
		{2D38582E-190C-4EAE-9831-025F4E9D2EB5}.Development|Win64.Build.0 = Development_Game|x64
		{2D38582E-190C-4EAE-9831-025F4E9D2EB5}.Shipping|Android.ActiveCfg = Shipping_Game|Tegra-Android
		{2D38582E-190C-4EAE-9831-025F4E9D2EB5}.Shipping|Android.Build.0 = Shipping_Game|Tegra-Android
		{2D38582E-190C-4EAE-9831-025F4E9D2EB5}.Shipping|Win32.ActiveCfg = Shipping_Game|Win32
		{2D38582E-190C-4EAE-9831-025F4E9D2EB5}.Shipping|Win32.Build.0 = Shipping_Game|Win32
		{2D38582E-190C-4EAE-9831-025F4E9D2EB5}.Shipping|Win64.ActiveCfg = Shipping_Game|x64
		{2D38582E-190C-4EAE-9831-025F4E9D2EB5}.Shipping|Win64.Build.0 = Shipping_Game|x64
	EndGlobalSection
	GlobalSection(SolutionProperties) = preSolution
		HideSolutionNode = FALSE
	EndGlobalSection
	GlobalSection(NestedProjects) = preSolution
		{673A0DD4-BC90-425A-9E24-5E53C3401DB0} = {4DB305E4-FEA9-412D-BB72-6AAC9C6B7B9A}
		{2D38582E-190C-4EAE-9831-025F4E9D2EB5} = {9B716935-37F5-41C1-9EF7-BC4B8AD1B4EE}
	EndGlobalSection
EndGlobal
