
Microsoft Visual Studio Solution File, Format Version 12.00
# Visual Studio 15
VisualStudioVersion = 15.0.25807.0
MinimumVisualStudioVersion = 10.0.40219.1
Project("{2150E333-8FDC-42A3-9474-1A3956D46DE8}") = "Engine", "Engine", "{0C92F91F-947E-4AE5-87CB-3B2268F9A683}"
EndProject
Project("{2150E333-8FDC-42A3-9474-1A3956D46DE8}") = "Games", "Games", "{327BD194-772F-48FB-A99A-C0413092DC66}"
EndProject
Project("{8BC9CEB8-8B4A-11D0-8D11-00A0C91BC942}") = "UE4", "Intermediate\ProjectFiles\UE4.vcxproj", "{9620517C-901A-40A6-BED1-2BBA4CE746E5}"
EndProject
Project("{8BC9CEB8-8B4A-11D0-8D11-00A0C91BC942}") = "MySubObjectTest", "Intermediate\ProjectFiles\MySubObjectTest.vcxproj", "{06B56BFD-3F8F-490D-9DF8-CCC6B04D36DA}"
EndProject
Project("{2150E333-8FDC-42A3-9474-1A3956D46DE8}") = "Visualizers", "Visualizers", "{71C8CC39-C308-4399-92FA-E57669258A41}"
	ProjectSection(SolutionItems) = preProject
		..\..\..\EpicGames\UE_4.23\Engine\Extras\VisualStudioDebugging\UE4.natvis = ..\..\..\EpicGames\UE_4.23\Engine\Extras\VisualStudioDebugging\UE4.natvis
	EndProjectSection
EndProject
Global
	GlobalSection(SolutionConfigurationPlatforms) = preSolution
		DebugGame Editor|Win32 = DebugGame Editor|Win32
		DebugGame Editor|Win64 = DebugGame Editor|Win64
		DebugGame|Win32 = DebugGame|Win32
		DebugGame|Win64 = DebugGame|Win64
		Development Editor|Win32 = Development Editor|Win32
		Development Editor|Win64 = Development Editor|Win64
		Development|Win32 = Development|Win32
		Development|Win64 = Development|Win64
		Shipping|Win32 = Shipping|Win32
		Shipping|Win64 = Shipping|Win64
	EndGlobalSection
	GlobalSection(ProjectConfigurationPlatforms) = postSolution
		{9620517C-901A-40A6-BED1-2BBA4CE746E5}.DebugGame Editor|Win32.ActiveCfg = BuiltWithUnrealBuildTool|Win32
		{9620517C-901A-40A6-BED1-2BBA4CE746E5}.DebugGame Editor|Win64.ActiveCfg = BuiltWithUnrealBuildTool|Win32
		{9620517C-901A-40A6-BED1-2BBA4CE746E5}.DebugGame|Win32.ActiveCfg = BuiltWithUnrealBuildTool|Win32
		{9620517C-901A-40A6-BED1-2BBA4CE746E5}.DebugGame|Win64.ActiveCfg = BuiltWithUnrealBuildTool|Win32
		{9620517C-901A-40A6-BED1-2BBA4CE746E5}.Development Editor|Win32.ActiveCfg = BuiltWithUnrealBuildTool|Win32
		{9620517C-901A-40A6-BED1-2BBA4CE746E5}.Development Editor|Win64.ActiveCfg = BuiltWithUnrealBuildTool|Win32
		{9620517C-901A-40A6-BED1-2BBA4CE746E5}.Development|Win32.ActiveCfg = BuiltWithUnrealBuildTool|Win32
		{9620517C-901A-40A6-BED1-2BBA4CE746E5}.Development|Win64.ActiveCfg = BuiltWithUnrealBuildTool|Win32
		{9620517C-901A-40A6-BED1-2BBA4CE746E5}.Shipping|Win32.ActiveCfg = BuiltWithUnrealBuildTool|Win32
		{9620517C-901A-40A6-BED1-2BBA4CE746E5}.Shipping|Win64.ActiveCfg = BuiltWithUnrealBuildTool|Win32
		{06B56BFD-3F8F-490D-9DF8-CCC6B04D36DA}.DebugGame Editor|Win32.ActiveCfg = Invalid|Win32
		{06B56BFD-3F8F-490D-9DF8-CCC6B04D36DA}.DebugGame Editor|Win64.ActiveCfg = DebugGame_Editor|x64
		{06B56BFD-3F8F-490D-9DF8-CCC6B04D36DA}.DebugGame Editor|Win64.Build.0 = DebugGame_Editor|x64
		{06B56BFD-3F8F-490D-9DF8-CCC6B04D36DA}.DebugGame|Win32.ActiveCfg = DebugGame|Win32
		{06B56BFD-3F8F-490D-9DF8-CCC6B04D36DA}.DebugGame|Win32.Build.0 = DebugGame|Win32
		{06B56BFD-3F8F-490D-9DF8-CCC6B04D36DA}.DebugGame|Win64.ActiveCfg = DebugGame|x64
		{06B56BFD-3F8F-490D-9DF8-CCC6B04D36DA}.DebugGame|Win64.Build.0 = DebugGame|x64
		{06B56BFD-3F8F-490D-9DF8-CCC6B04D36DA}.Development Editor|Win32.ActiveCfg = Invalid|Win32
		{06B56BFD-3F8F-490D-9DF8-CCC6B04D36DA}.Development Editor|Win64.ActiveCfg = Development_Editor|x64
		{06B56BFD-3F8F-490D-9DF8-CCC6B04D36DA}.Development Editor|Win64.Build.0 = Development_Editor|x64
		{06B56BFD-3F8F-490D-9DF8-CCC6B04D36DA}.Development|Win32.ActiveCfg = Development|Win32
		{06B56BFD-3F8F-490D-9DF8-CCC6B04D36DA}.Development|Win32.Build.0 = Development|Win32
		{06B56BFD-3F8F-490D-9DF8-CCC6B04D36DA}.Development|Win64.ActiveCfg = Development|x64
		{06B56BFD-3F8F-490D-9DF8-CCC6B04D36DA}.Development|Win64.Build.0 = Development|x64
		{06B56BFD-3F8F-490D-9DF8-CCC6B04D36DA}.Shipping|Win32.ActiveCfg = Shipping|Win32
		{06B56BFD-3F8F-490D-9DF8-CCC6B04D36DA}.Shipping|Win32.Build.0 = Shipping|Win32
		{06B56BFD-3F8F-490D-9DF8-CCC6B04D36DA}.Shipping|Win64.ActiveCfg = Shipping|x64
		{06B56BFD-3F8F-490D-9DF8-CCC6B04D36DA}.Shipping|Win64.Build.0 = Shipping|x64
	EndGlobalSection
	GlobalSection(SolutionProperties) = preSolution
		HideSolutionNode = FALSE
	EndGlobalSection
	GlobalSection(NestedProjects) = preSolution
		{9620517C-901A-40A6-BED1-2BBA4CE746E5} = {0C92F91F-947E-4AE5-87CB-3B2268F9A683}
		{06B56BFD-3F8F-490D-9DF8-CCC6B04D36DA} = {327BD194-772F-48FB-A99A-C0413092DC66}
	EndGlobalSection
EndGlobal
