
Microsoft Visual Studio Solution File, Format Version 12.00
# Visual Studio 15
VisualStudioVersion = 15.0.25807.0
MinimumVisualStudioVersion = 10.0.40219.1
Project("{2150E333-8FDC-42A3-9474-1A3956D46DE8}") = "Engine", "Engine", "{7A5F9F76-CD87-45E0-BCEF-4C05C4744EAF}"
EndProject
Project("{2150E333-8FDC-42A3-9474-1A3956D46DE8}") = "Games", "Games", "{83100B95-1A62-48BD-AA77-F5420B34E13E}"
EndProject
Project("{8BC9CEB8-8B4A-11D0-8D11-00A0C91BC942}") = "UE4", "Intermediate\ProjectFiles\UE4.vcxproj", "{E4CDEE09-7CFB-41B1-BA72-5577EDA567EF}"
EndProject
Project("{8BC9CEB8-8B4A-11D0-8D11-00A0C91BC942}") = "BlueprintAsync", "Intermediate\ProjectFiles\BlueprintAsync.vcxproj", "{139390E8-01E0-4081-AB52-2A4D20DBB33B}"
EndProject
Project("{2150E333-8FDC-42A3-9474-1A3956D46DE8}") = "Visualizers", "Visualizers", "{AEAE44A3-067B-417C-8479-9D8B6C168091}"
	ProjectSection(SolutionItems) = preProject
		C:\Program Files\Epic Games\UE_4.22\Engine\Extras\VisualStudioDebugging\UE4.natvis = C:\Program Files\Epic Games\UE_4.22\Engine\Extras\VisualStudioDebugging\UE4.natvis
	EndProjectSection
EndProject
Global
	GlobalSection(SolutionConfigurationPlatforms) = preSolution
		DebugGame Editor|Win32 = DebugGame Editor|Win32
		DebugGame Editor|Win64 = DebugGame Editor|Win64
		DebugGame|Win32 = DebugGame|Win32
		DebugGame|Win64 = DebugGame|Win64
		Development Editor|Win32 = Development Editor|Win32
		Development Editor|Win64 = Development Editor|Win64
		Development|Win32 = Development|Win32
		Development|Win64 = Development|Win64
		Shipping|Win32 = Shipping|Win32
		Shipping|Win64 = Shipping|Win64
	EndGlobalSection
	GlobalSection(ProjectConfigurationPlatforms) = postSolution
		{E4CDEE09-7CFB-41B1-BA72-5577EDA567EF}.DebugGame Editor|Win32.ActiveCfg = BuiltWithUnrealBuildTool|Win32
		{E4CDEE09-7CFB-41B1-BA72-5577EDA567EF}.DebugGame Editor|Win64.ActiveCfg = BuiltWithUnrealBuildTool|Win32
		{E4CDEE09-7CFB-41B1-BA72-5577EDA567EF}.DebugGame|Win32.ActiveCfg = BuiltWithUnrealBuildTool|Win32
		{E4CDEE09-7CFB-41B1-BA72-5577EDA567EF}.DebugGame|Win64.ActiveCfg = BuiltWithUnrealBuildTool|Win32
		{E4CDEE09-7CFB-41B1-BA72-5577EDA567EF}.Development Editor|Win32.ActiveCfg = BuiltWithUnrealBuildTool|Win32
		{E4CDEE09-7CFB-41B1-BA72-5577EDA567EF}.Development Editor|Win64.ActiveCfg = BuiltWithUnrealBuildTool|Win32
		{E4CDEE09-7CFB-41B1-BA72-5577EDA567EF}.Development|Win32.ActiveCfg = BuiltWithUnrealBuildTool|Win32
		{E4CDEE09-7CFB-41B1-BA72-5577EDA567EF}.Development|Win64.ActiveCfg = BuiltWithUnrealBuildTool|Win32
		{E4CDEE09-7CFB-41B1-BA72-5577EDA567EF}.Shipping|Win32.ActiveCfg = BuiltWithUnrealBuildTool|Win32
		{E4CDEE09-7CFB-41B1-BA72-5577EDA567EF}.Shipping|Win64.ActiveCfg = BuiltWithUnrealBuildTool|Win32
		{139390E8-01E0-4081-AB52-2A4D20DBB33B}.DebugGame Editor|Win32.ActiveCfg = Invalid|Win32
		{139390E8-01E0-4081-AB52-2A4D20DBB33B}.DebugGame Editor|Win64.ActiveCfg = DebugGame_Editor|x64
		{139390E8-01E0-4081-AB52-2A4D20DBB33B}.DebugGame Editor|Win64.Build.0 = DebugGame_Editor|x64
		{139390E8-01E0-4081-AB52-2A4D20DBB33B}.DebugGame|Win32.ActiveCfg = DebugGame|Win32
		{139390E8-01E0-4081-AB52-2A4D20DBB33B}.DebugGame|Win32.Build.0 = DebugGame|Win32
		{139390E8-01E0-4081-AB52-2A4D20DBB33B}.DebugGame|Win64.ActiveCfg = DebugGame|x64
		{139390E8-01E0-4081-AB52-2A4D20DBB33B}.DebugGame|Win64.Build.0 = DebugGame|x64
		{139390E8-01E0-4081-AB52-2A4D20DBB33B}.Development Editor|Win32.ActiveCfg = Invalid|Win32
		{139390E8-01E0-4081-AB52-2A4D20DBB33B}.Development Editor|Win64.ActiveCfg = Development_Editor|x64
		{139390E8-01E0-4081-AB52-2A4D20DBB33B}.Development Editor|Win64.Build.0 = Development_Editor|x64
		{139390E8-01E0-4081-AB52-2A4D20DBB33B}.Development|Win32.ActiveCfg = Development|Win32
		{139390E8-01E0-4081-AB52-2A4D20DBB33B}.Development|Win32.Build.0 = Development|Win32
		{139390E8-01E0-4081-AB52-2A4D20DBB33B}.Development|Win64.ActiveCfg = Development|x64
		{139390E8-01E0-4081-AB52-2A4D20DBB33B}.Development|Win64.Build.0 = Development|x64
		{139390E8-01E0-4081-AB52-2A4D20DBB33B}.Shipping|Win32.ActiveCfg = Shipping|Win32
		{139390E8-01E0-4081-AB52-2A4D20DBB33B}.Shipping|Win32.Build.0 = Shipping|Win32
		{139390E8-01E0-4081-AB52-2A4D20DBB33B}.Shipping|Win64.ActiveCfg = Shipping|x64
		{139390E8-01E0-4081-AB52-2A4D20DBB33B}.Shipping|Win64.Build.0 = Shipping|x64
	EndGlobalSection
	GlobalSection(SolutionProperties) = preSolution
		HideSolutionNode = FALSE
	EndGlobalSection
	GlobalSection(NestedProjects) = preSolution
		{E4CDEE09-7CFB-41B1-BA72-5577EDA567EF} = {7A5F9F76-CD87-45E0-BCEF-4C05C4744EAF}
		{139390E8-01E0-4081-AB52-2A4D20DBB33B} = {83100B95-1A62-48BD-AA77-F5420B34E13E}
	EndGlobalSection
EndGlobal
