
Microsoft Visual Studio Solution File, Format Version 12.00
# Visual Studio Version 16
VisualStudioVersion = 16.0.28315.86
MinimumVisualStudioVersion = 10.0.40219.1
Project("{2150E333-8FDC-42A3-9474-1A3956D46DE8}") = "Engine", "Engine", "{D8B85BEF-F53B-4513-9274-A34020F43B6C}"
EndProject
Project("{2150E333-8FDC-42A3-9474-1A3956D46DE8}") = "Games", "Games", "{9AA1E6E2-687F-4700-AE0F-58B5E74C8ADD}"
EndProject
Project("{8BC9CEB8-8B4A-11D0-8D11-00A0C91BC942}") = "UE4", "Intermediate\ProjectFiles\UE4.vcxproj", "{DECDCDFC-A338-4217-99ED-84C3BAD7BFA1}"
EndProject
Project("{8BC9CEB8-8B4A-11D0-8D11-00A0C91BC942}") = "CppUnitTest", "Intermediate\ProjectFiles\CppUnitTest.vcxproj", "{3FAFA1F5-AE1F-48B8-ACCC-395F415C6FD2}"
EndProject
Project("{2150E333-8FDC-42A3-9474-1A3956D46DE8}") = "Visualizers", "Visualizers", "{F7875DFC-4904-46A2-B68E-F829ED646F8B}"
	ProjectSection(SolutionItems) = preProject
		..\..\..\EpicGames\UE_4.23\Engine\Extras\VisualStudioDebugging\UE4.natvis = ..\..\..\EpicGames\UE_4.23\Engine\Extras\VisualStudioDebugging\UE4.natvis
	EndProjectSection
EndProject
Global
	GlobalSection(SolutionConfigurationPlatforms) = preSolution
		DebugGame Editor|Win32 = DebugGame Editor|Win32
		DebugGame Editor|Win64 = DebugGame Editor|Win64
		DebugGame|Win32 = DebugGame|Win32
		DebugGame|Win64 = DebugGame|Win64
		Development Editor|Win32 = Development Editor|Win32
		Development Editor|Win64 = Development Editor|Win64
		Development|Win32 = Development|Win32
		Development|Win64 = Development|Win64
		Shipping|Win32 = Shipping|Win32
		Shipping|Win64 = Shipping|Win64
	EndGlobalSection
	GlobalSection(ProjectConfigurationPlatforms) = postSolution
		{DECDCDFC-A338-4217-99ED-84C3BAD7BFA1}.DebugGame Editor|Win32.ActiveCfg = BuiltWithUnrealBuildTool|Win32
		{DECDCDFC-A338-4217-99ED-84C3BAD7BFA1}.DebugGame Editor|Win64.ActiveCfg = BuiltWithUnrealBuildTool|Win32
		{DECDCDFC-A338-4217-99ED-84C3BAD7BFA1}.DebugGame|Win32.ActiveCfg = BuiltWithUnrealBuildTool|Win32
		{DECDCDFC-A338-4217-99ED-84C3BAD7BFA1}.DebugGame|Win64.ActiveCfg = BuiltWithUnrealBuildTool|Win32
		{DECDCDFC-A338-4217-99ED-84C3BAD7BFA1}.Development Editor|Win32.ActiveCfg = BuiltWithUnrealBuildTool|Win32
		{DECDCDFC-A338-4217-99ED-84C3BAD7BFA1}.Development Editor|Win64.ActiveCfg = BuiltWithUnrealBuildTool|Win32
		{DECDCDFC-A338-4217-99ED-84C3BAD7BFA1}.Development|Win32.ActiveCfg = BuiltWithUnrealBuildTool|Win32
		{DECDCDFC-A338-4217-99ED-84C3BAD7BFA1}.Development|Win64.ActiveCfg = BuiltWithUnrealBuildTool|Win32
		{DECDCDFC-A338-4217-99ED-84C3BAD7BFA1}.Shipping|Win32.ActiveCfg = BuiltWithUnrealBuildTool|Win32
		{DECDCDFC-A338-4217-99ED-84C3BAD7BFA1}.Shipping|Win64.ActiveCfg = BuiltWithUnrealBuildTool|Win32
		{3FAFA1F5-AE1F-48B8-ACCC-395F415C6FD2}.DebugGame Editor|Win32.ActiveCfg = Invalid|Win32
		{3FAFA1F5-AE1F-48B8-ACCC-395F415C6FD2}.DebugGame Editor|Win64.ActiveCfg = DebugGame_Editor|x64
		{3FAFA1F5-AE1F-48B8-ACCC-395F415C6FD2}.DebugGame Editor|Win64.Build.0 = DebugGame_Editor|x64
		{3FAFA1F5-AE1F-48B8-ACCC-395F415C6FD2}.DebugGame|Win32.ActiveCfg = DebugGame|Win32
		{3FAFA1F5-AE1F-48B8-ACCC-395F415C6FD2}.DebugGame|Win32.Build.0 = DebugGame|Win32
		{3FAFA1F5-AE1F-48B8-ACCC-395F415C6FD2}.DebugGame|Win64.ActiveCfg = DebugGame|x64
		{3FAFA1F5-AE1F-48B8-ACCC-395F415C6FD2}.DebugGame|Win64.Build.0 = DebugGame|x64
		{3FAFA1F5-AE1F-48B8-ACCC-395F415C6FD2}.Development Editor|Win32.ActiveCfg = Invalid|Win32
		{3FAFA1F5-AE1F-48B8-ACCC-395F415C6FD2}.Development Editor|Win64.ActiveCfg = Development_Editor|x64
		{3FAFA1F5-AE1F-48B8-ACCC-395F415C6FD2}.Development Editor|Win64.Build.0 = Development_Editor|x64
		{3FAFA1F5-AE1F-48B8-ACCC-395F415C6FD2}.Development|Win32.ActiveCfg = Development|Win32
		{3FAFA1F5-AE1F-48B8-ACCC-395F415C6FD2}.Development|Win32.Build.0 = Development|Win32
		{3FAFA1F5-AE1F-48B8-ACCC-395F415C6FD2}.Development|Win64.ActiveCfg = Development|x64
		{3FAFA1F5-AE1F-48B8-ACCC-395F415C6FD2}.Development|Win64.Build.0 = Development|x64
		{3FAFA1F5-AE1F-48B8-ACCC-395F415C6FD2}.Shipping|Win32.ActiveCfg = Shipping|Win32
		{3FAFA1F5-AE1F-48B8-ACCC-395F415C6FD2}.Shipping|Win32.Build.0 = Shipping|Win32
		{3FAFA1F5-AE1F-48B8-ACCC-395F415C6FD2}.Shipping|Win64.ActiveCfg = Shipping|x64
		{3FAFA1F5-AE1F-48B8-ACCC-395F415C6FD2}.Shipping|Win64.Build.0 = Shipping|x64
	EndGlobalSection
	GlobalSection(SolutionProperties) = preSolution
		HideSolutionNode = FALSE
	EndGlobalSection
	GlobalSection(NestedProjects) = preSolution
		{DECDCDFC-A338-4217-99ED-84C3BAD7BFA1} = {D8B85BEF-F53B-4513-9274-A34020F43B6C}
		{3FAFA1F5-AE1F-48B8-ACCC-395F415C6FD2} = {9AA1E6E2-687F-4700-AE0F-58B5E74C8ADD}
	EndGlobalSection
EndGlobal
